
Microsoft Visual Studio Solution File, Format Version 12.00
# Visual Studio Version 17
VisualStudioVersion = 17.1.32210.238
MinimumVisualStudioVersion = 10.0.40219.1
Project("{FAE04EC0-301F-11D3-BF4B-00C04F79EFBC}") = "DemoGitRepoRF", "DemoGitRepoRF\DemoGitRepoRF.csproj", "{21550BD9-2BD3-4EB9-8FEA-FC6370E4E9C7}"
EndProject
Global
	GlobalSection(SolutionConfigurationPlatforms) = preSolution
		Debug|Any CPU = Debug|Any CPU
		Release|Any CPU = Release|Any CPU
	EndGlobalSection
	GlobalSection(ProjectConfigurationPlatforms) = postSolution
		{21550BD9-2BD3-4EB9-8FEA-FC6370E4E9C7}.Debug|Any CPU.ActiveCfg = Debug|Any CPU
		{21550BD9-2BD3-4EB9-8FEA-FC6370E4E9C7}.Debug|Any CPU.Build.0 = Debug|Any CPU
		{21550BD9-2BD3-4EB9-8FEA-FC6370E4E9C7}.Release|Any CPU.ActiveCfg = Release|Any CPU
		{21550BD9-2BD3-4EB9-8FEA-FC6370E4E9C7}.Release|Any CPU.Build.0 = Release|Any CPU
	EndGlobalSection
	GlobalSection(SolutionProperties) = preSolution
		HideSolutionNode = FALSE
	EndGlobalSection
	GlobalSection(ExtensibilityGlobals) = postSolution
		SolutionGuid = {7ACAB781-FF25-4A9D-A629-FC0B0F531037}
	EndGlobalSection
EndGlobal
